
Microsoft Visual Studio Solution File, Format Version 12.00
# Visual Studio Version 16
VisualStudioVersion = 16.0.29728.190
MinimumVisualStudioVersion = 10.0.40219.1
Project("{FAE04EC0-301F-11D3-BF4B-00C04F79EFBC}") = "bigdataproj", "bigdataproj\bigdataproj.csproj", "{07B5A5F0-CB44-4726-8618-6DDC59320AD8}"
EndProject
Global
	GlobalSection(SolutionConfigurationPlatforms) = preSolution
		Debug|Any CPU = Debug|Any CPU
		Release|Any CPU = Release|Any CPU
	EndGlobalSection
	GlobalSection(ProjectConfigurationPlatforms) = postSolution
		{07B5A5F0-CB44-4726-8618-6DDC59320AD8}.Debug|Any CPU.ActiveCfg = Debug|Any CPU
		{07B5A5F0-CB44-4726-8618-6DDC59320AD8}.Debug|Any CPU.Build.0 = Debug|Any CPU
		{07B5A5F0-CB44-4726-8618-6DDC59320AD8}.Release|Any CPU.ActiveCfg = Release|Any CPU
		{07B5A5F0-CB44-4726-8618-6DDC59320AD8}.Release|Any CPU.Build.0 = Release|Any CPU
	EndGlobalSection
	GlobalSection(SolutionProperties) = preSolution
		HideSolutionNode = FALSE
	EndGlobalSection
	GlobalSection(ExtensibilityGlobals) = postSolution
		SolutionGuid = {F31213AD-25DC-41EB-9549-C8730F311098}
	EndGlobalSection
EndGlobal
